
Microsoft Visual Studio Solution File, Format Version 12.00
# Visual Studio Version 16
VisualStudioVersion = 16.0.31321.278
MinimumVisualStudioVersion = 10.0.40219.1
Project("{FAE04EC0-301F-11D3-BF4B-00C04F79EFBC}") = "BookShop.View", "BookShop\BookShop.View.csproj", "{7E00D104-DE93-4666-B70F-4A4EA36009D9}"
EndProject
Project("{FAE04EC0-301F-11D3-BF4B-00C04F79EFBC}") = "BookShop.Models", "BookShop.Models\BookShop.Models.csproj", "{F3132C9C-01F1-46D9-8BF1-51E240100FC8}"
EndProject
Project("{FAE04EC0-301F-11D3-BF4B-00C04F79EFBC}") = "BookShop.DAL", "BookShop.DAL\BookShop.DAL.csproj", "{EE2D6920-1A4D-4C28-847F-A38AB5786179}"
EndProject
Project("{FAE04EC0-301F-11D3-BF4B-00C04F79EFBC}") = "BookShop.BLL", "BookShop.BLL\BookShop.BLL.csproj", "{1A4B287C-2291-459D-9581-822685532B88}"
EndProject
Global
	GlobalSection(SolutionConfigurationPlatforms) = preSolution
		Debug|Any CPU = Debug|Any CPU
		Release|Any CPU = Release|Any CPU
	EndGlobalSection
	GlobalSection(ProjectConfigurationPlatforms) = postSolution
		{7E00D104-DE93-4666-B70F-4A4EA36009D9}.Debug|Any CPU.ActiveCfg = Debug|Any CPU
		{7E00D104-DE93-4666-B70F-4A4EA36009D9}.Debug|Any CPU.Build.0 = Debug|Any CPU
		{7E00D104-DE93-4666-B70F-4A4EA36009D9}.Release|Any CPU.ActiveCfg = Release|Any CPU
		{7E00D104-DE93-4666-B70F-4A4EA36009D9}.Release|Any CPU.Build.0 = Release|Any CPU
		{F3132C9C-01F1-46D9-8BF1-51E240100FC8}.Debug|Any CPU.ActiveCfg = Debug|Any CPU
		{F3132C9C-01F1-46D9-8BF1-51E240100FC8}.Debug|Any CPU.Build.0 = Debug|Any CPU
		{F3132C9C-01F1-46D9-8BF1-51E240100FC8}.Release|Any CPU.ActiveCfg = Release|Any CPU
		{F3132C9C-01F1-46D9-8BF1-51E240100FC8}.Release|Any CPU.Build.0 = Release|Any CPU
		{EE2D6920-1A4D-4C28-847F-A38AB5786179}.Debug|Any CPU.ActiveCfg = Debug|Any CPU
		{EE2D6920-1A4D-4C28-847F-A38AB5786179}.Debug|Any CPU.Build.0 = Debug|Any CPU
		{EE2D6920-1A4D-4C28-847F-A38AB5786179}.Release|Any CPU.ActiveCfg = Release|Any CPU
		{EE2D6920-1A4D-4C28-847F-A38AB5786179}.Release|Any CPU.Build.0 = Release|Any CPU
		{1A4B287C-2291-459D-9581-822685532B88}.Debug|Any CPU.ActiveCfg = Debug|Any CPU
		{1A4B287C-2291-459D-9581-822685532B88}.Debug|Any CPU.Build.0 = Debug|Any CPU
		{1A4B287C-2291-459D-9581-822685532B88}.Release|Any CPU.ActiveCfg = Release|Any CPU
		{1A4B287C-2291-459D-9581-822685532B88}.Release|Any CPU.Build.0 = Release|Any CPU
	EndGlobalSection
	GlobalSection(SolutionProperties) = preSolution
		HideSolutionNode = FALSE
	EndGlobalSection
	GlobalSection(ExtensibilityGlobals) = postSolution
		SolutionGuid = {878E7320-3E93-44E0-8E0E-127AED320844}
	EndGlobalSection
EndGlobal
